Microsoft Visual Studio Solution File, Format Version 12.00
# Visual Studio Version 17
VisualStudioVersion = 17.5.2.0
MinimumVisualStudioVersion = 10.0.40219.1
Project("{FAE04EC0-301F-11D3-BF4B-00C04F79EFBC}") = "rms_pro", "rms_pro.csproj", "{2DF38B86-7B10-9A45-1C1A-928902AAFB7F}"
EndProject
Global
	GlobalSection(SolutionConfigurationPlatforms) = preSolution
		Debug|Any CPU = Debug|Any CPU
		Release|Any CPU = Release|Any CPU
	EndGlobalSection
	GlobalSection(ProjectConfigurationPlatforms) = postSolution
		{2DF38B86-7B10-9A45-1C1A-928902AAFB7F}.Debug|Any CPU.ActiveCfg = Debug|Any CPU
		{2DF38B86-7B10-9A45-1C1A-928902AAFB7F}.Debug|Any CPU.Build.0 = Debug|Any CPU
		{2DF38B86-7B10-9A45-1C1A-928902AAFB7F}.Release|Any CPU.ActiveCfg = Release|Any CPU
		{2DF38B86-7B10-9A45-1C1A-928902AAFB7F}.Release|Any CPU.Build.0 = Release|Any CPU
	EndGlobalSection
	GlobalSection(SolutionProperties) = preSolution
		HideSolutionNode = FALSE
	EndGlobalSection
	GlobalSection(ExtensibilityGlobals) = postSolution
		SolutionGuid = {4DF12481-B90D-4FE9-AD4F-7EB0A031DA6E}
	EndGlobalSection
EndGlobal
